// !$*UTF8*$!
{
	archiveVersion = 1;
	classes = {
	};
	objectVersion = 46;
	objects = {

/* Begin PBXBuildFile section */
		6084C835185A71D000A1255D /* RepertoireController.m in Sources */ = {isa = PBXBuildFile; fileRef = 6084C834185A71D000A1255D /* RepertoireController.m */; };
		60B02B4D1857CE0100EAB31C /* libRestKit.a in Frameworks */ = {isa = PBXBuildFile; fileRef = 60B02B441857CA6600EAB31C /* libRestKit.a */; };
		60B02B531857CE0100EAB31C /* CFNetwork.framework in Frameworks */ = {isa = PBXBuildFile; fileRef = 60B02B4E1857CE0100EAB31C /* CFNetwork.framework */; };
		60B02B541857CE0100EAB31C /* CoreData.framework in Frameworks */ = {isa = PBXBuildFile; fileRef = 60B02B4F1857CE0100EAB31C /* CoreData.framework */; };
		60B02B551857CE0100EAB31C /* MobileCoreServices.framework in Frameworks */ = {isa = PBXBuildFile; fileRef = 60B02B501857CE0100EAB31C /* MobileCoreServices.framework */; };
		60B02B561857CE0100EAB31C /* Security.framework in Frameworks */ = {isa = PBXBuildFile; fileRef = 60B02B511857CE0100EAB31C /* Security.framework */; };
		60B02B571857CE0100EAB31C /* SystemConfiguration.framework in Frameworks */ = {isa = PBXBuildFile; fileRef = 60B02B521857CE0100EAB31C /* SystemConfiguration.framework */; };
		60B2CB641853542F0061C050 /* Main_iPhone.storyboard in Resources */ = {isa = PBXBuildFile; fileRef = 60D127E618521B7A0086A8D4 /* Main_iPhone.storyboard */; };
		60B4B32C185DE2680049551A /* Press Serif Cool.ttf in Resources */ = {isa = PBXBuildFile; fileRef = F1AC4E8A1858DA6A00E90EBD /* Press Serif Cool.ttf */; };
		60B4B331185E46470049551A /* BebasNeue.otf in Resources */ = {isa = PBXBuildFile; fileRef = 60B4B32E185E46470049551A /* BebasNeue.otf */; };
		60B4B332185E46470049551A /* Uni_acc_Italic.ttf in Resources */ = {isa = PBXBuildFile; fileRef = 60B4B32F185E46470049551A /* Uni_acc_Italic.ttf */; };
		60B4B333185E46470049551A /* Uni_acc.ttf in Resources */ = {isa = PBXBuildFile; fileRef = 60B4B330185E46470049551A /* Uni_acc.ttf */; };
		60B54A1D1858F16100A54329 /* Redirected.xcdatamodeld in Sources */ = {isa = PBXBuildFile; fileRef = 60B54A1B1858F16100A54329 /* Redirected.xcdatamodeld */; };
		60D127D518521B7A0086A8D4 /* Foundation.framework in Frameworks */ = {isa = PBXBuildFile; fileRef = 60D127D418521B7A0086A8D4 /* Foundation.framework */; };
		60D127D718521B7A0086A8D4 /* CoreGraphics.framework in Frameworks */ = {isa = PBXBuildFile; fileRef = 60D127D618521B7A0086A8D4 /* CoreGraphics.framework */; };
		60D127D918521B7A0086A8D4 /* UIKit.framework in Frameworks */ = {isa = PBXBuildFile; fileRef = 60D127D818521B7A0086A8D4 /* UIKit.framework */; };
		60D127DF18521B7A0086A8D4 /* InfoPlist.strings in Resources */ = {isa = PBXBuildFile; fileRef = 60D127DD18521B7A0086A8D4 /* InfoPlist.strings */; };
		60D127E118521B7A0086A8D4 /* main.m in Sources */ = {isa = PBXBuildFile; fileRef = 60D127E018521B7A0086A8D4 /* main.m */; };
		60D127E518521B7A0086A8D4 /* AppDelegate.m in Sources */ = {isa = PBXBuildFile; fileRef = 60D127E418521B7A0086A8D4 /* AppDelegate.m */; };
		60D127EB18521B7A0086A8D4 /* Main_iPad.storyboard in Resources */ = {isa = PBXBuildFile; fileRef = 60D127E918521B7A0086A8D4 /* Main_iPad.storyboard */; };
		60D127EE18521B7A0086A8D4 /* CountdownViewController.m in Sources */ = {isa = PBXBuildFile; fileRef = 60D127ED18521B7A0086A8D4 /* CountdownViewController.m */; };
		60D127F118521B7A0086A8D4 /* AboutViewController.m in Sources */ = {isa = PBXBuildFile; fileRef = 60D127F018521B7A0086A8D4 /* AboutViewController.m */; };
		60D127F318521B7A0086A8D4 /* Images.xcassets in Resources */ = {isa = PBXBuildFile; fileRef = 60D127F218521B7A0086A8D4 /* Images.xcassets */; };
		60D127FA18521B7A0086A8D4 /* XCTest.framework in Frameworks */ = {isa = PBXBuildFile; fileRef = 60D127F918521B7A0086A8D4 /* XCTest.framework */; };
		60D127FB18521B7A0086A8D4 /* Foundation.framework in Frameworks */ = {isa = PBXBuildFile; fileRef = 60D127D418521B7A0086A8D4 /* Foundation.framework */; };
		60D127FC18521B7A0086A8D4 /* UIKit.framework in Frameworks */ = {isa = PBXBuildFile; fileRef = 60D127D818521B7A0086A8D4 /* UIKit.framework */; };
		60D1280418521B7A0086A8D4 /* InfoPlist.strings in Resources */ = {isa = PBXBuildFile; fileRef = 60D1280218521B7A0086A8D4 /* InfoPlist.strings */; };
		60D1280618521B7A0086A8D4 /* RedirectedTests.m in Sources */ = {isa = PBXBuildFile; fileRef = 60D1280518521B7A0086A8D4 /* RedirectedTests.m */; };
		F127CEF8185E065A00B66CB0 /* ImageViewController.m in Sources */ = {isa = PBXBuildFile; fileRef = F127CEF7185E065A00B66CB0 /* ImageViewController.m */; };
		F19C16411854DCC100740B2C /* ActorInfo.m in Sources */ = {isa = PBXBuildFile; fileRef = F19C16401854DCC100740B2C /* ActorInfo.m */; };
		F19C16441854DFAB00740B2C /* Actors.m in Sources */ = {isa = PBXBuildFile; fileRef = F19C16431854DFAB00740B2C /* Actors.m */; };
		F19C16471855002F00740B2C /* ActorDetailViewController.m in Sources */ = {isa = PBXBuildFile; fileRef = F19C16461855002F00740B2C /* ActorDetailViewController.m */; };
		F19E69A6185A30AC00B2CAB3 /* Quote.m in Sources */ = {isa = PBXBuildFile; fileRef = F19E69A5185A30AC00B2CAB3 /* Quote.m */; };
		F19EE86D1857864B000DCBE4 /* QuoteController.m in Sources */ = {isa = PBXBuildFile; fileRef = F19EE86C1857864B000DCBE4 /* QuoteController.m */; };
		F19EE87018578804000DCBE4 /* QuoteGeneratorController.m in Sources */ = {isa = PBXBuildFile; fileRef = F19EE86F18578804000DCBE4 /* QuoteGeneratorController.m */; };
		F19EE872185798A5000DCBE4 /* Social.framework in Frameworks */ = {isa = PBXBuildFile; fileRef = F19EE871185798A5000DCBE4 /* Social.framework */; };
		F19EF312185DB22B00F6B21F /* InfoViewController.m in Sources */ = {isa = PBXBuildFile; fileRef = F19EF311185DB22B00F6B21F /* InfoViewController.m */; };
		F19EF316185DB6EC00F6B21F /* GalleryViewController.m in Sources */ = {isa = PBXBuildFile; fileRef = F19EF315185DB6EC00F6B21F /* GalleryViewController.m */; };
		F1AC4E951858F55B00E90EBD /* VideoViewController.m in Sources */ = {isa = PBXBuildFile; fileRef = F1AC4E941858F55B00E90EBD /* VideoViewController.m */; };
		F1DFBE0D185370950005304B /* ActorListController.m in Sources */ = {isa = PBXBuildFile; fileRef = F1DFBE0C185370950005304B /* ActorListController.m */; };
		F1DFBFF818537EE40005304B /* SocialIntegration.m in Sources */ = {isa = PBXBuildFile; fileRef = F1DFBFF718537EE40005304B /* SocialIntegration.m */; };
		F1EA64C4185F6E5000EBF4F5 /* MWCaptionView.m in Sources */ = {isa = PBXBuildFile; fileRef = F1EA64B2185F6E5000EBF4F5 /* MWCaptionView.m */; };
		F1EA64C5185F6E5000EBF4F5 /* MWGridCell.m in Sources */ = {isa = PBXBuildFile; fileRef = F1EA64B5185F6E5000EBF4F5 /* MWGridCell.m */; };
		F1EA64C6185F6E5000EBF4F5 /* MWGridViewController.m in Sources */ = {isa = PBXBuildFile; fileRef = F1EA64B7185F6E5000EBF4F5 /* MWGridViewController.m */; };
		F1EA64C7185F6E5000EBF4F5 /* MWPhoto.m in Sources */ = {isa = PBXBuildFile; fileRef = F1EA64B9185F6E5000EBF4F5 /* MWPhoto.m */; };
		F1EA64C8185F6E5000EBF4F5 /* MWPhotoBrowser.m in Sources */ = {isa = PBXBuildFile; fileRef = F1EA64BB185F6E5000EBF4F5 /* MWPhotoBrowser.m */; };
		F1EA64C9185F6E5000EBF4F5 /* MWTapDetectingImageView.m in Sources */ = {isa = PBXBuildFile; fileRef = F1EA64BF185F6E5000EBF4F5 /* MWTapDetectingImageView.m */; };
		F1EA64CA185F6E5000EBF4F5 /* MWTapDetectingView.m in Sources */ = {isa = PBXBuildFile; fileRef = F1EA64C1185F6E5000EBF4F5 /* MWTapDetectingView.m */; };
		F1EA64CB185F6E5000EBF4F5 /* MWZoomingScrollView.m in Sources */ = {isa = PBXBuildFile; fileRef = F1EA64C3185F6E5000EBF4F5 /* MWZoomingScrollView.m */; };
		F1EA64CD185F6E6800EBF4F5 /* MWPhotoBrowser.bundle in Resources */ = {isa = PBXBuildFile; fileRef = F1EA64CC185F6E6800EBF4F5 /* MWPhotoBrowser.bundle */; };
		F1EA6511185F6E7800EBF4F5 /* DACircularProgressView.m in Sources */ = {isa = PBXBuildFile; fileRef = F1EA64D0185F6E7800EBF4F5 /* DACircularProgressView.m */; };
		F1EA6512185F6E7800EBF4F5 /* MBProgressHUD.m in Sources */ = {isa = PBXBuildFile; fileRef = F1EA64D3185F6E7800EBF4F5 /* MBProgressHUD.m */; };
		F1EA6513185F6E7800EBF4F5 /* README.mdown in Resources */ = {isa = PBXBuildFile; fileRef = F1EA64D4185F6E7800EBF4F5 /* README.mdown */; };
		F1EA6514185F6E7800EBF4F5 /* NSIndexPath+PSTCollectionViewAdditions.m in Sources */ = {isa = PBXBuildFile; fileRef = F1EA64D7185F6E7800EBF4F5 /* NSIndexPath+PSTCollectionViewAdditions.m */; };
		F1EA6515185F6E7800EBF4F5 /* PSTCollectionView.m in Sources */ = {isa = PBXBuildFile; fileRef = F1EA64D9185F6E7800EBF4F5 /* PSTCollectionView.m */; };
		F1EA6516185F6E7800EBF4F5 /* PSTCollectionViewCell.m in Sources */ = {isa = PBXBuildFile; fileRef = F1EA64DB185F6E7800EBF4F5 /* PSTCollectionViewCell.m */; };
		F1EA6517185F6E7800EBF4F5 /* PSTCollectionViewController.m in Sources */ = {isa = PBXBuildFile; fileRef = F1EA64DE185F6E7800EBF4F5 /* PSTCollectionViewController.m */; };
		F1EA6518185F6E7800EBF4F5 /* PSTCollectionViewData.m in Sources */ = {isa = PBXBuildFile; fileRef = F1EA64E0185F6E7800EBF4F5 /* PSTCollectionViewData.m */; };
		F1EA6519185F6E7800EBF4F5 /* PSTCollectionViewFlowLayout.m in Sources */ = {isa = PBXBuildFile; fileRef = F1EA64E2185F6E7800EBF4F5 /* PSTCollectionViewFlowLayout.m */; };
		F1EA651A185F6E7800EBF4F5 /* PSTCollectionViewItemKey.m in Sources */ = {isa = PBXBuildFile; fileRef = F1EA64E4185F6E7800EBF4F5 /* PSTCollectionViewItemKey.m */; };
		F1EA651B185F6E7800EBF4F5 /* PSTCollectionViewLayout.m in Sources */ = {isa = PBXBuildFile; fileRef = F1EA64E7185F6E7800EBF4F5 /* PSTCollectionViewLayout.m */; };
		F1EA651C185F6E7800EBF4F5 /* PSTCollectionViewUpdateItem.m in Sources */ = {isa = PBXBuildFile; fileRef = F1EA64E9185F6E7800EBF4F5 /* PSTCollectionViewUpdateItem.m */; };
		F1EA651D185F6E7800EBF4F5 /* PSTGridLayoutInfo.m in Sources */ = {isa = PBXBuildFile; fileRef = F1EA64EB185F6E7800EBF4F5 /* PSTGridLayoutInfo.m */; };
		F1EA651E185F6E7800EBF4F5 /* PSTGridLayoutItem.m in Sources */ = {isa = PBXBuildFile; fileRef = F1EA64ED185F6E7800EBF4F5 /* PSTGridLayoutItem.m */; };
		F1EA651F185F6E7800EBF4F5 /* PSTGridLayoutRow.m in Sources */ = {isa = PBXBuildFile; fileRef = F1EA64EF185F6E7800EBF4F5 /* PSTGridLayoutRow.m */; };
		F1EA6520185F6E7800EBF4F5 /* PSTGridLayoutSection.m in Sources */ = {isa = PBXBuildFile; fileRef = F1EA64F1185F6E7800EBF4F5 /* PSTGridLayoutSection.m */; };
		F1EA6521185F6E7800EBF4F5 /* LICENSE in Resources */ = {isa = PBXBuildFile; fileRef = F1EA64F3185F6E7800EBF4F5 /* LICENSE */; };
		F1EA6522185F6E7800EBF4F5 /* README.md in Resources */ = {isa = PBXBuildFile; fileRef = F1EA64F4185F6E7800EBF4F5 /* README.md */; };
		F1EA6523185F6E7800EBF4F5 /* NSData+GIF.m in Sources */ = {isa = PBXBuildFile; fileRef = F1EA64F7185F6E7800EBF4F5 /* NSData+GIF.m */; };
		F1EA6524185F6E7800EBF4F5 /* SDImageCache.m in Sources */ = {isa = PBXBuildFile; fileRef = F1EA64F9185F6E7800EBF4F5 /* SDImageCache.m */; };
		F1EA6525185F6E7800EBF4F5 /* SDWebImageCompat.m in Sources */ = {isa = PBXBuildFile; fileRef = F1EA64FB185F6E7800EBF4F5 /* SDWebImageCompat.m */; };
		F1EA6526185F6E7800EBF4F5 /* SDWebImageDecoder.m in Sources */ = {isa = PBXBuildFile; fileRef = F1EA64FD185F6E7800EBF4F5 /* SDWebImageDecoder.m */; };
		F1EA6527185F6E7800EBF4F5 /* SDWebImageDownloader.m in Sources */ = {isa = PBXBuildFile; fileRef = F1EA64FF185F6E7800EBF4F5 /* SDWebImageDownloader.m */; };
		F1EA6528185F6E7800EBF4F5 /* SDWebImageDownloaderOperation.m in Sources */ = {isa = PBXBuildFile; fileRef = F1EA6501185F6E7800EBF4F5 /* SDWebImageDownloaderOperation.m */; };
		F1EA6529185F6E7800EBF4F5 /* SDWebImageManager.m in Sources */ = {isa = PBXBuildFile; fileRef = F1EA6503185F6E7800EBF4F5 /* SDWebImageManager.m */; };
		F1EA652A185F6E7800EBF4F5 /* SDWebImagePrefetcher.m in Sources */ = {isa = PBXBuildFile; fileRef = F1EA6506185F6E7800EBF4F5 /* SDWebImagePrefetcher.m */; };
		F1EA652B185F6E7800EBF4F5 /* UIButton+WebCache.m in Sources */ = {isa = PBXBuildFile; fileRef = F1EA6508185F6E7800EBF4F5 /* UIButton+WebCache.m */; };
		F1EA652C185F6E7800EBF4F5 /* UIImage+GIF.m in Sources */ = {isa = PBXBuildFile; fileRef = F1EA650A185F6E7800EBF4F5 /* UIImage+GIF.m */; };
		F1EA652D185F6E7800EBF4F5 /* UIImage+MultiFormat.m in Sources */ = {isa = PBXBuildFile; fileRef = F1EA650C185F6E7800EBF4F5 /* UIImage+MultiFormat.m */; };
		F1EA652E185F6E7800EBF4F5 /* UIImage+WebP.m in Sources */ = {isa = PBXBuildFile; fileRef = F1EA650E185F6E7800EBF4F5 /* UIImage+WebP.m */; };
		F1EA652F185F6E7800EBF4F5 /* UIImageView+WebCache.m in Sources */ = {isa = PBXBuildFile; fileRef = F1EA6510185F6E7800EBF4F5 /* UIImageView+WebCache.m */; };
		F1EA6532185F6F0700EBF4F5 /* GalleryDelegate.m in Sources */ = {isa = PBXBuildFile; fileRef = F1EA6531185F6F0700EBF4F5 /* GalleryDelegate.m */; };
		F1EA6535185F875A00EBF4F5 /* ImagesViewController.m in Sources */ = {isa = PBXBuildFile; fileRef = F1EA6534185F875A00EBF4F5 /* ImagesViewController.m */; };
/* End PBXBuildFile section */

/* Begin PBXContainerItemProxy section */
		60B02B431857CA6600EAB31C /* PBXContainerItemProxy */ = {
			isa = PBXContainerItemProxy;
			containerPortal = 60B02B3C1857CA6500EAB31C /* RestKit.xcodeproj */;
			proxyType = 2;
			remoteGlobalIDString = 25160D1614564E810060A5C5;
			remoteInfo = RestKit;
		};
		60B02B451857CA6600EAB31C /* PBXContainerItemProxy */ = {
			isa = PBXContainerItemProxy;
			containerPortal = 60B02B3C1857CA6500EAB31C /* RestKit.xcodeproj */;
			proxyType = 2;
			remoteGlobalIDString = 25160D2614564E820060A5C5;
			remoteInfo = RestKitTests;
		};
		60B02B471857CA6600EAB31C /* PBXContainerItemProxy */ = {
			isa = PBXContainerItemProxy;
			containerPortal = 60B02B3C1857CA6500EAB31C /* RestKit.xcodeproj */;
			proxyType = 2;
			remoteGlobalIDString = 25160E62145651060060A5C5;
			remoteInfo = RestKitFramework;
		};
		60B02B491857CA6600EAB31C /* PBXContainerItemProxy */ = {
			isa = PBXContainerItemProxy;
			containerPortal = 60B02B3C1857CA6500EAB31C /* RestKit.xcodeproj */;
			proxyType = 2;
			remoteGlobalIDString = 25160E78145651060060A5C5;
			remoteInfo = RestKitFrameworkTests;
		};
		60B02B4B1857CD3300EAB31C /* PBXContainerItemProxy */ = {
			isa = PBXContainerItemProxy;
			containerPortal = 60B02B3C1857CA6500EAB31C /* RestKit.xcodeproj */;
			proxyType = 1;
			remoteGlobalIDString = 25160D1514564E810060A5C5;
			remoteInfo = RestKit;
		};
		60D127FD18521B7A0086A8D4 /* PBXContainerItemProxy */ = {
			isa = PBXContainerItemProxy;
			containerPortal = 60D127C918521B7A0086A8D4 /* Project object */;
			proxyType = 1;
			remoteGlobalIDString = 60D127D018521B7A0086A8D4;
			remoteInfo = Redirected;
		};
/* End PBXContainerItemProxy section */

/* Begin PBXFileReference section */
		6084C833185A71D000A1255D /* RepertoireController.h */ = {isa = PBXFileReference; fileEncoding = 4; lastKnownFileType = sourcecode.c.h; path = RepertoireController.h; sourceTree = "<group>"; };
		6084C834185A71D000A1255D /* RepertoireController.m */ = {isa = PBXFileReference; fileEncoding = 4; lastKnownFileType = sourcecode.c.objc; path = RepertoireController.m; sourceTree = "<group>"; };
		60B02B3C1857CA6500EAB31C /* RestKit.xcodeproj */ = {isa = PBXFileReference; lastKnownFileType = "wrapper.pb-project"; name = RestKit.xcodeproj; path = ../RestKit/RestKit.xcodeproj; sourceTree = "<group>"; };
		60B02B4E1857CE0100EAB31C /* CFNetwork.framework */ = {isa = PBXFileReference; lastKnownFileType = wrapper.framework; name = CFNetwork.framework; path = System/Library/Frameworks/CFNetwork.framework; sourceTree = SDKROOT; };
		60B02B4F1857CE0100EAB31C /* CoreData.framework */ = {isa = PBXFileReference; lastKnownFileType = wrapper.framework; name = CoreData.framework; path = System/Library/Frameworks/CoreData.framework; sourceTree = SDKROOT; };
		60B02B501857CE0100EAB31C /* MobileCoreServices.framework */ = {isa = PBXFileReference; lastKnownFileType = wrapper.framework; name = MobileCoreServices.framework; path = System/Library/Frameworks/MobileCoreServices.framework; sourceTree = SDKROOT; };
		60B02B511857CE0100EAB31C /* Security.framework */ = {isa = PBXFileReference; lastKnownFileType = wrapper.framework; name = Security.framework; path = System/Library/Frameworks/Security.framework; sourceTree = SDKROOT; };
		60B02B521857CE0100EAB31C /* SystemConfiguration.framework */ = {isa = PBXFileReference; lastKnownFileType = wrapper.framework; name = SystemConfiguration.framework; path = System/Library/Frameworks/SystemConfiguration.framework; sourceTree = SDKROOT; };
		60B4B32E185E46470049551A /* BebasNeue.otf */ = {isa = PBXFileReference; lastKnownFileType = file; path = BebasNeue.otf; sourceTree = "<group>"; };
		60B4B32F185E46470049551A /* Uni_acc_Italic.ttf */ = {isa = PBXFileReference; lastKnownFileType = file; path = Uni_acc_Italic.ttf; sourceTree = "<group>"; };
		60B4B330185E46470049551A /* Uni_acc.ttf */ = {isa = PBXFileReference; lastKnownFileType = file; path = Uni_acc.ttf; sourceTree = "<group>"; };
		60B4E311185358B600401958 /* Base */ = {isa = PBXFileReference; lastKnownFileType = file.storyboard; name = Base; path = Base.lproj/Main_iPhone.storyboard; sourceTree = "<group>"; };
		60B54A1C1858F16100A54329 /* Redirected.xcdatamodel */ = {isa = PBXFileReference; lastKnownFileType = wrapper.xcdatamodel; path = Redirected.xcdatamodel; sourceTree = "<group>"; };
		60BAA1961856766D00CB3CE7 /* lt */ = {isa = PBXFileReference; lastKnownFileType = text.plist.strings; name = lt; path = lt.lproj/InfoPlist.strings; sourceTree = "<group>"; };
		60BAA1971856766D00CB3CE7 /* lt */ = {isa = PBXFileReference; lastKnownFileType = text.plist.strings; name = lt; path = lt.lproj/Main_iPhone.strings; sourceTree = "<group>"; };
		60BAA1981856766D00CB3CE7 /* lt */ = {isa = PBXFileReference; lastKnownFileType = text.plist.strings; name = lt; path = lt.lproj/Main_iPad.strings; sourceTree = "<group>"; };
		60BAA1991856766D00CB3CE7 /* lt */ = {isa = PBXFileReference; lastKnownFileType = text.plist.strings; name = lt; path = lt.lproj/InfoPlist.strings; sourceTree = "<group>"; };
		60D127D118521B7A0086A8D4 /* Redirected.app */ = {isa = PBXFileReference; explicitFileType = wrapper.application; includeInIndex = 0; path = Redirected.app; sourceTree = BUILT_PRODUCTS_DIR; };
		60D127D418521B7A0086A8D4 /* Foundation.framework */ = {isa = PBXFileReference; lastKnownFileType = wrapper.framework; name = Foundation.framework; path = System/Library/Frameworks/Foundation.framework; sourceTree = SDKROOT; };
		60D127D618521B7A0086A8D4 /* CoreGraphics.framework */ = {isa = PBXFileReference; lastKnownFileType = wrapper.framework; name = CoreGraphics.framework; path = System/Library/Frameworks/CoreGraphics.framework; sourceTree = SDKROOT; };
		60D127D818521B7A0086A8D4 /* UIKit.framework */ = {isa = PBXFileReference; lastKnownFileType = wrapper.framework; name = UIKit.framework; path = System/Library/Frameworks/UIKit.framework; sourceTree = SDKROOT; };
		60D127DC18521B7A0086A8D4 /* Redirected-Info.plist */ = {isa = PBXFileReference; lastKnownFileType = text.plist.xml; path = "Redirected-Info.plist"; sourceTree = "<group>"; };
		60D127DE18521B7A0086A8D4 /* en */ = {isa = PBXFileReference; lastKnownFileType = text.plist.strings; name = en; path = en.lproj/InfoPlist.strings; sourceTree = "<group>"; };
		60D127E018521B7A0086A8D4 /* main.m */ = {isa = PBXFileReference; lastKnownFileType = sourcecode.c.objc; path = main.m; sourceTree = "<group>"; };
		60D127E218521B7A0086A8D4 /* Redirected-Prefix.pch */ = {isa = PBXFileReference; lastKnownFileType = sourcecode.c.h; path = "Redirected-Prefix.pch"; sourceTree = "<group>"; };
		60D127E318521B7A0086A8D4 /* AppDelegate.h */ = {isa = PBXFileReference; lastKnownFileType = sourcecode.c.h; path = AppDelegate.h; sourceTree = "<group>"; };
		60D127E418521B7A0086A8D4 /* AppDelegate.m */ = {isa = PBXFileReference; lastKnownFileType = sourcecode.c.objc; path = AppDelegate.m; sourceTree = "<group>"; };
		60D127EA18521B7A0086A8D4 /* Base */ = {isa = PBXFileReference; lastKnownFileType = file.storyboard; name = Base; path = Base.lproj/Main_iPad.storyboard; sourceTree = "<group>"; };
		60D127EC18521B7A0086A8D4 /* CountdownViewController.h */ = {isa = PBXFileReference; lastKnownFileType = sourcecode.c.h; path = CountdownViewController.h; sourceTree = "<group>"; };
		60D127ED18521B7A0086A8D4 /* CountdownViewController.m */ = {isa = PBXFileReference; lastKnownFileType = sourcecode.c.objc; path = CountdownViewController.m; sourceTree = "<group>"; };
		60D127EF18521B7A0086A8D4 /* AboutViewController.h */ = {isa = PBXFileReference; lastKnownFileType = sourcecode.c.h; path = AboutViewController.h; sourceTree = "<group>"; };
		60D127F018521B7A0086A8D4 /* AboutViewController.m */ = {isa = PBXFileReference; lastKnownFileType = sourcecode.c.objc; path = AboutViewController.m; sourceTree = "<group>"; };
		60D127F218521B7A0086A8D4 /* Images.xcassets */ = {isa = PBXFileReference; lastKnownFileType = folder.assetcatalog; path = Images.xcassets; sourceTree = "<group>"; };
		60D127F818521B7A0086A8D4 /* RedirectedTests.xctest */ = {isa = PBXFileReference; explicitFileType = wrapper.cfbundle; includeInIndex = 0; path = RedirectedTests.xctest; sourceTree = BUILT_PRODUCTS_DIR; };
		60D127F918521B7A0086A8D4 /* XCTest.framework */ = {isa = PBXFileReference; lastKnownFileType = wrapper.framework; name = XCTest.framework; path = Library/Frameworks/XCTest.framework; sourceTree = DEVELOPER_DIR; };
		60D1280118521B7A0086A8D4 /* RedirectedTests-Info.plist */ = {isa = PBXFileReference; lastKnownFileType = text.plist.xml; path = "RedirectedTests-Info.plist"; sourceTree = "<group>"; };
		60D1280318521B7A0086A8D4 /* en */ = {isa = PBXFileReference; lastKnownFileType = text.plist.strings; name = en; path = en.lproj/InfoPlist.strings; sourceTree = "<group>"; };
		60D1280518521B7A0086A8D4 /* RedirectedTests.m */ = {isa = PBXFileReference; lastKnownFileType = sourcecode.c.objc; path = RedirectedTests.m; sourceTree = "<group>"; };
		F127CEF6185E065A00B66CB0 /* ImageViewController.h */ = {isa = PBXFileReference; fileEncoding = 4; lastKnownFileType = sourcecode.c.h; path = ImageViewController.h; sourceTree = "<group>"; };
		F127CEF7185E065A00B66CB0 /* ImageViewController.m */ = {isa = PBXFileReference; fileEncoding = 4; lastKnownFileType = sourcecode.c.objc; path = ImageViewController.m; sourceTree = "<group>"; };
		F19C163F1854DCC100740B2C /* ActorInfo.h */ = {isa = PBXFileReference; fileEncoding = 4; lastKnownFileType = sourcecode.c.h; path = ActorInfo.h; sourceTree = "<group>"; };
		F19C16401854DCC100740B2C /* ActorInfo.m */ = {isa = PBXFileReference; fileEncoding = 4; lastKnownFileType = sourcecode.c.objc; path = ActorInfo.m; sourceTree = "<group>"; };
		F19C16421854DFAB00740B2C /* Actors.h */ = {isa = PBXFileReference; fileEncoding = 4; lastKnownFileType = sourcecode.c.h; path = Actors.h; sourceTree = "<group>"; };
		F19C16431854DFAB00740B2C /* Actors.m */ = {isa = PBXFileReference; fileEncoding = 4; lastKnownFileType = sourcecode.c.objc; path = Actors.m; sourceTree = "<group>"; };
		F19C16451855002F00740B2C /* ActorDetailViewController.h */ = {isa = PBXFileReference; fileEncoding = 4; lastKnownFileType = sourcecode.c.h; path = ActorDetailViewController.h; sourceTree = "<group>"; usesTabs = 0; };
		F19C16461855002F00740B2C /* ActorDetailViewController.m */ = {isa = PBXFileReference; fileEncoding = 4; lastKnownFileType = sourcecode.c.objc; path = ActorDetailViewController.m; sourceTree = "<group>"; };
		F19E69A4185A30AC00B2CAB3 /* Quote.h */ = {isa = PBXFileReference; fileEncoding = 4; lastKnownFileType = sourcecode.c.h; path = Quote.h; sourceTree = "<group>"; };
		F19E69A5185A30AC00B2CAB3 /* Quote.m */ = {isa = PBXFileReference; fileEncoding = 4; lastKnownFileType = sourcecode.c.objc; path = Quote.m; sourceTree = "<group>"; };
		F19EE86B1857864B000DCBE4 /* QuoteController.h */ = {isa = PBXFileReference; fileEncoding = 4; lastKnownFileType = sourcecode.c.h; name = QuoteController.h; path = ../QuoteController.h; sourceTree = "<group>"; };
		F19EE86C1857864B000DCBE4 /* QuoteController.m */ = {isa = PBXFileReference; fileEncoding = 4; lastKnownFileType = sourcecode.c.objc; name = QuoteController.m; path = ../QuoteController.m; sourceTree = "<group>"; };
		F19EE86E18578804000DCBE4 /* QuoteGeneratorController.h */ = {isa = PBXFileReference; fileEncoding = 4; lastKnownFileType = sourcecode.c.h; name = QuoteGeneratorController.h; path = ../QuoteGeneratorController.h; sourceTree = "<group>"; };
		F19EE86F18578804000DCBE4 /* QuoteGeneratorController.m */ = {isa = PBXFileReference; fileEncoding = 4; lastKnownFileType = sourcecode.c.objc; name = QuoteGeneratorController.m; path = ../QuoteGeneratorController.m; sourceTree = "<group>"; };
		F19EE871185798A5000DCBE4 /* Social.framework */ = {isa = PBXFileReference; lastKnownFileType = wrapper.framework; name = Social.framework; path = System/Library/Frameworks/Social.framework; sourceTree = SDKROOT; };
		F19EF310185DB22B00F6B21F /* InfoViewController.h */ = {isa = PBXFileReference; fileEncoding = 4; lastKnownFileType = sourcecode.c.h; path = InfoViewController.h; sourceTree = "<group>"; };
		F19EF311185DB22B00F6B21F /* InfoViewController.m */ = {isa = PBXFileReference; fileEncoding = 4; lastKnownFileType = sourcecode.c.objc; path = InfoViewController.m; sourceTree = "<group>"; };
		F19EF314185DB6EC00F6B21F /* GalleryViewController.h */ = {isa = PBXFileReference; fileEncoding = 4; lastKnownFileType = sourcecode.c.h; path = GalleryViewController.h; sourceTree = "<group>"; };
		F19EF315185DB6EC00F6B21F /* GalleryViewController.m */ = {isa = PBXFileReference; fileEncoding = 4; lastKnownFileType = sourcecode.c.objc; path = GalleryViewController.m; sourceTree = "<group>"; };
		F1AC4E8A1858DA6A00E90EBD /* Press Serif Cool.ttf */ = {isa = PBXFileReference; lastKnownFileType = file; path = "Press Serif Cool.ttf"; sourceTree = "<group>"; };
		F1AC4E931858F55B00E90EBD /* VideoViewController.h */ = {isa = PBXFileReference; fileEncoding = 4; lastKnownFileType = sourcecode.c.h; name = VideoViewController.h; path = ../VideoViewController.h; sourceTree = "<group>"; };
		F1AC4E941858F55B00E90EBD /* VideoViewController.m */ = {isa = PBXFileReference; fileEncoding = 4; lastKnownFileType = sourcecode.c.objc; name = VideoViewController.m; path = ../VideoViewController.m; sourceTree = "<group>"; };
		F1DFBE0B185370950005304B /* ActorListController.h */ = {isa = PBXFileReference; fileEncoding = 4; lastKnownFileType = sourcecode.c.h; path = ActorListController.h; sourceTree = "<group>"; };
		F1DFBE0C185370950005304B /* ActorListController.m */ = {isa = PBXFileReference; fileEncoding = 4; lastKnownFileType = sourcecode.c.objc; path = ActorListController.m; sourceTree = "<group>"; };
		F1DFBFF618537EE40005304B /* SocialIntegration.h */ = {isa = PBXFileReference; fileEncoding = 4; lastKnownFileType = sourcecode.c.h; path = SocialIntegration.h; sourceTree = "<group>"; };
		F1DFBFF718537EE40005304B /* SocialIntegration.m */ = {isa = PBXFileReference; fileEncoding = 4; lastKnownFileType = sourcecode.c.objc; path = SocialIntegration.m; sourceTree = "<group>"; };
		F1EA64B1185F6E5000EBF4F5 /* MWCaptionView.h */ = {isa = PBXFileReference; fileEncoding = 4; lastKnownFileType = sourcecode.c.h; path = MWCaptionView.h; sourceTree = "<group>"; };
		F1EA64B2185F6E5000EBF4F5 /* MWCaptionView.m */ = {isa = PBXFileReference; fileEncoding = 4; lastKnownFileType = sourcecode.c.objc; path = MWCaptionView.m; sourceTree = "<group>"; };
		F1EA64B3185F6E5000EBF4F5 /* MWCommon.h */ = {isa = PBXFileReference; fileEncoding = 4; lastKnownFileType = sourcecode.c.h; path = MWCommon.h; sourceTree = "<group>"; };
		F1EA64B4185F6E5000EBF4F5 /* MWGridCell.h */ = {isa = PBXFileReference; fileEncoding = 4; lastKnownFileType = sourcecode.c.h; path = MWGridCell.h; sourceTree = "<group>"; };
		F1EA64B5185F6E5000EBF4F5 /* MWGridCell.m */ = {isa = PBXFileReference; fileEncoding = 4; lastKnownFileType = sourcecode.c.objc; path = MWGridCell.m; sourceTree = "<group>"; };
		F1EA64B6185F6E5000EBF4F5 /* MWGridViewController.h */ = {isa = PBXFileReference; fileEncoding = 4; lastKnownFileType = sourcecode.c.h; path = MWGridViewController.h; sourceTree = "<group>"; };
		F1EA64B7185F6E5000EBF4F5 /* MWGridViewController.m */ = {isa = PBXFileReference; fileEncoding = 4; lastKnownFileType = sourcecode.c.objc; path = MWGridViewController.m; sourceTree = "<group>"; };
		F1EA64B8185F6E5000EBF4F5 /* MWPhoto.h */ = {isa = PBXFileReference; fileEncoding = 4; lastKnownFileType = sourcecode.c.h; path = MWPhoto.h; sourceTree = "<group>"; };
		F1EA64B9185F6E5000EBF4F5 /* MWPhoto.m */ = {isa = PBXFileReference; fileEncoding = 4; lastKnownFileType = sourcecode.c.objc; path = MWPhoto.m; sourceTree = "<group>"; };
		F1EA64BA185F6E5000EBF4F5 /* MWPhotoBrowser.h */ = {isa = PBXFileReference; fileEncoding = 4; lastKnownFileType = sourcecode.c.h; path = MWPhotoBrowser.h; sourceTree = "<group>"; };
		F1EA64BB185F6E5000EBF4F5 /* MWPhotoBrowser.m */ = {isa = PBXFileReference; fileEncoding = 4; lastKnownFileType = sourcecode.c.objc; path = MWPhotoBrowser.m; sourceTree = "<group>"; };
		F1EA64BC185F6E5000EBF4F5 /* MWPhotoBrowserPrivate.h */ = {isa = PBXFileReference; fileEncoding = 4; lastKnownFileType = sourcecode.c.h; path = MWPhotoBrowserPrivate.h; sourceTree = "<group>"; };
		F1EA64BD185F6E5000EBF4F5 /* MWPhotoProtocol.h */ = {isa = PBXFileReference; fileEncoding = 4; lastKnownFileType = sourcecode.c.h; path = MWPhotoProtocol.h; sourceTree = "<group>"; };
		F1EA64BE185F6E5000EBF4F5 /* MWTapDetectingImageView.h */ = {isa = PBXFileReference; fileEncoding = 4; lastKnownFileType = sourcecode.c.h; path = MWTapDetectingImageView.h; sourceTree = "<group>"; };
		F1EA64BF185F6E5000EBF4F5 /* MWTapDetectingImageView.m */ = {isa = PBXFileReference; fileEncoding = 4; lastKnownFileType = sourcecode.c.objc; path = MWTapDetectingImageView.m; sourceTree = "<group>"; };
		F1EA64C0185F6E5000EBF4F5 /* MWTapDetectingView.h */ = {isa = PBXFileReference; fileEncoding = 4; lastKnownFileType = sourcecode.c.h; path = MWTapDetectingView.h; sourceTree = "<group>"; };
		F1EA64C1185F6E5000EBF4F5 /* MWTapDetectingView.m */ = {isa = PBXFileReference; fileEncoding = 4; lastKnownFileType = sourcecode.c.objc; path = MWTapDetectingView.m; sourceTree = "<group>"; };
		F1EA64C2185F6E5000EBF4F5 /* MWZoomingScrollView.h */ = {isa = PBXFileReference; fileEncoding = 4; lastKnownFileType = sourcecode.c.h; path = MWZoomingScrollView.h; sourceTree = "<group>"; };
		F1EA64C3185F6E5000EBF4F5 /* MWZoomingScrollView.m */ = {isa = PBXFileReference; fileEncoding = 4; lastKnownFileType = sourcecode.c.objc; path = MWZoomingScrollView.m; sourceTree = "<group>"; };
		F1EA64CC185F6E6800EBF4F5 /* MWPhotoBrowser.bundle */ = {isa = PBXFileReference; lastKnownFileType = "wrapper.plug-in"; path = MWPhotoBrowser.bundle; sourceTree = "<group>"; };
		F1EA64CF185F6E7800EBF4F5 /* DACircularProgressView.h */ = {isa = PBXFileReference; fileEncoding = 4; lastKnownFileType = sourcecode.c.h; path = DACircularProgressView.h; sourceTree = "<group>"; };
		F1EA64D0185F6E7800EBF4F5 /* DACircularProgressView.m */ = {isa = PBXFileReference; fileEncoding = 4; lastKnownFileType = sourcecode.c.objc; path = DACircularProgressView.m; sourceTree = "<group>"; };
		F1EA64D2185F6E7800EBF4F5 /* MBProgressHUD.h */ = {isa = PBXFileReference; fileEncoding = 4; lastKnownFileType = sourcecode.c.h; path = MBProgressHUD.h; sourceTree = "<group>"; };
		F1EA64D3185F6E7800EBF4F5 /* MBProgressHUD.m */ = {isa = PBXFileReference; fileEncoding = 4; lastKnownFileType = sourcecode.c.objc; path = MBProgressHUD.m; sourceTree = "<group>"; };
		F1EA64D4185F6E7800EBF4F5 /* README.mdown */ = {isa = PBXFileReference; fileEncoding = 4; lastKnownFileType = text; path = README.mdown; sourceTree = "<group>"; };
		F1EA64D6185F6E7800EBF4F5 /* NSIndexPath+PSTCollectionViewAdditions.h */ = {isa = PBXFileReference; fileEncoding = 4; lastKnownFileType = sourcecode.c.h; path = "NSIndexPath+PSTCollectionViewAdditions.h"; sourceTree = "<group>"; };
		F1EA64D7185F6E7800EBF4F5 /* NSIndexPath+PSTCollectionViewAdditions.m */ = {isa = PBXFileReference; fileEncoding = 4; lastKnownFileType = sourcecode.c.objc; path = "NSIndexPath+PSTCollectionViewAdditions.m"; sourceTree = "<group>"; };
		F1EA64D8185F6E7800EBF4F5 /* PSTCollectionView.h */ = {isa = PBXFileReference; fileEncoding = 4; lastKnownFileType = sourcecode.c.h; path = PSTCollectionView.h; sourceTree = "<group>"; };
		F1EA64D9185F6E7800EBF4F5 /* PSTCollectionView.m */ = {isa = PBXFileReference; fileEncoding = 4; lastKnownFileType = sourcecode.c.objc; path = PSTCollectionView.m; sourceTree = "<group>"; };
		F1EA64DA185F6E7800EBF4F5 /* PSTCollectionViewCell.h */ = {isa = PBXFileReference; fileEncoding = 4; lastKnownFileType = sourcecode.c.h; path = PSTCollectionViewCell.h; sourceTree = "<group>"; };
		F1EA64DB185F6E7800EBF4F5 /* PSTCollectionViewCell.m */ = {isa = PBXFileReference; fileEncoding = 4; lastKnownFileType = sourcecode.c.objc; path = PSTCollectionViewCell.m; sourceTree = "<group>"; };
		F1EA64DC185F6E7800EBF4F5 /* PSTCollectionViewCommon.h */ = {isa = PBXFileReference; fileEncoding = 4; lastKnownFileType = sourcecode.c.h; path = PSTCollectionViewCommon.h; sourceTree = "<group>"; };
		F1EA64DD185F6E7800EBF4F5 /* PSTCollectionViewController.h */ = {isa = PBXFileReference; fileEncoding = 4; lastKnownFileType = sourcecode.c.h; path = PSTCollectionViewController.h; sourceTree = "<group>"; };
		F1EA64DE185F6E7800EBF4F5 /* PSTCollectionViewController.m */ = {isa = PBXFileReference; fileEncoding = 4; lastKnownFileType = sourcecode.c.objc; path = PSTCollectionViewController.m; sourceTree = "<group>"; };
		F1EA64DF185F6E7800EBF4F5 /* PSTCollectionViewData.h */ = {isa = PBXFileReference; fileEncoding = 4; lastKnownFileType = sourcecode.c.h; path = PSTCollectionViewData.h; sourceTree = "<group>"; };
		F1EA64E0185F6E7800EBF4F5 /* PSTCollectionViewData.m */ = {isa = PBXFileReference; fileEncoding = 4; lastKnownFileType = sourcecode.c.objc; path = PSTCollectionViewData.m; sourceTree = "<group>"; };
		F1EA64E1185F6E7800EBF4F5 /* PSTCollectionViewFlowLayout.h */ = {isa = PBXFileReference; fileEncoding = 4; lastKnownFileType = sourcecode.c.h; path = PSTCollectionViewFlowLayout.h; sourceTree = "<group>"; };
		F1EA64E2185F6E7800EBF4F5 /* PSTCollectionViewFlowLayout.m */ = {isa = PBXFileReference; fileEncoding = 4; lastKnownFileType = sourcecode.c.objc; path = PSTCollectionViewFlowLayout.m; sourceTree = "<group>"; };
		F1EA64E3185F6E7800EBF4F5 /* PSTCollectionViewItemKey.h */ = {isa = PBXFileReference; fileEncoding = 4; lastKnownFileType = sourcecode.c.h; path = PSTCollectionViewItemKey.h; sourceTree = "<group>"; };
		F1EA64E4185F6E7800EBF4F5 /* PSTCollectionViewItemKey.m */ = {isa = PBXFileReference; fileEncoding = 4; lastKnownFileType = sourcecode.c.objc; path = PSTCollectionViewItemKey.m; sourceTree = "<group>"; };
		F1EA64E5185F6E7800EBF4F5 /* PSTCollectionViewLayout+Internals.h */ = {isa = PBXFileReference; fileEncoding = 4; lastKnownFileType = sourcecode.c.h; path = "PSTCollectionViewLayout+Internals.h"; sourceTree = "<group>"; };
		F1EA64E6185F6E7800EBF4F5 /* PSTCollectionViewLayout.h */ = {isa = PBXFileReference; fileEncoding = 4; lastKnownFileType = sourcecode.c.h; path = PSTCollectionViewLayout.h; sourceTree = "<group>"; };
		F1EA64E7185F6E7800EBF4F5 /* PSTCollectionViewLayout.m */ = {isa = PBXFileReference; fileEncoding = 4; lastKnownFileType = sourcecode.c.objc; path = PSTCollectionViewLayout.m; sourceTree = "<group>"; };
		F1EA64E8185F6E7800EBF4F5 /* PSTCollectionViewUpdateItem.h */ = {isa = PBXFileReference; fileEncoding = 4; lastKnownFileType = sourcecode.c.h; path = PSTCollectionViewUpdateItem.h; sourceTree = "<group>"; };
		F1EA64E9185F6E7800EBF4F5 /* PSTCollectionViewUpdateItem.m */ = {isa = PBXFileReference; fileEncoding = 4; lastKnownFileType = sourcecode.c.objc; path = PSTCollectionViewUpdateItem.m; sourceTree = "<group>"; };
		F1EA64EA185F6E7800EBF4F5 /* PSTGridLayoutInfo.h */ = {isa = PBXFileReference; fileEncoding = 4; lastKnownFileType = sourcecode.c.h; path = PSTGridLayoutInfo.h; sourceTree = "<group>"; };
		F1EA64EB185F6E7800EBF4F5 /* PSTGridLayoutInfo.m */ = {isa = PBXFileReference; fileEncoding = 4; lastKnownFileType = sourcecode.c.objc; path = PSTGridLayoutInfo.m; sourceTree = "<group>"; };
		F1EA64EC185F6E7800EBF4F5 /* PSTGridLayoutItem.h */ = {isa = PBXFileReference; fileEncoding = 4; lastKnownFileType = sourcecode.c.h; path = PSTGridLayoutItem.h; sourceTree = "<group>"; };
		F1EA64ED185F6E7800EBF4F5 /* PSTGridLayoutItem.m */ = {isa = PBXFileReference; fileEncoding = 4; lastKnownFileType = sourcecode.c.objc; path = PSTGridLayoutItem.m; sourceTree = "<group>"; };
		F1EA64EE185F6E7800EBF4F5 /* PSTGridLayoutRow.h */ = {isa = PBXFileReference; fileEncoding = 4; lastKnownFileType = sourcecode.c.h; path = PSTGridLayoutRow.h; sourceTree = "<group>"; };
		F1EA64EF185F6E7800EBF4F5 /* PSTGridLayoutRow.m */ = {isa = PBXFileReference; fileEncoding = 4; lastKnownFileType = sourcecode.c.objc; path = PSTGridLayoutRow.m; sourceTree = "<group>"; };
		F1EA64F0185F6E7800EBF4F5 /* PSTGridLayoutSection.h */ = {isa = PBXFileReference; fileEncoding = 4; lastKnownFileType = sourcecode.c.h; path = PSTGridLayoutSection.h; sourceTree = "<group>"; };
		F1EA64F1185F6E7800EBF4F5 /* PSTGridLayoutSection.m */ = {isa = PBXFileReference; fileEncoding = 4; lastKnownFileType = sourcecode.c.objc; path = PSTGridLayoutSection.m; sourceTree = "<group>"; };
		F1EA64F3185F6E7800EBF4F5 /* LICENSE */ = {isa = PBXFileReference; fileEncoding = 4; lastKnownFileType = text; path = LICENSE; sourceTree = "<group>"; };
		F1EA64F4185F6E7800EBF4F5 /* README.md */ = {isa = PBXFileReference; fileEncoding = 4; lastKnownFileType = text; path = README.md; sourceTree = "<group>"; };
		F1EA64F6185F6E7800EBF4F5 /* NSData+GIF.h */ = {isa = PBXFileReference; fileEncoding = 4; lastKnownFileType = sourcecode.c.h; path = "NSData+GIF.h"; sourceTree = "<group>"; };
		F1EA64F7185F6E7800EBF4F5 /* NSData+GIF.m */ = {isa = PBXFileReference; fileEncoding = 4; lastKnownFileType = sourcecode.c.objc; path = "NSData+GIF.m"; sourceTree = "<group>"; };
		F1EA64F8185F6E7800EBF4F5 /* SDImageCache.h */ = {isa = PBXFileReference; fileEncoding = 4; lastKnownFileType = sourcecode.c.h; path = SDImageCache.h; sourceTree = "<group>"; };
		F1EA64F9185F6E7800EBF4F5 /* SDImageCache.m */ = {isa = PBXFileReference; fileEncoding = 4; lastKnownFileType = sourcecode.c.objc; path = SDImageCache.m; sourceTree = "<group>"; };
		F1EA64FA185F6E7800EBF4F5 /* SDWebImageCompat.h */ = {isa = PBXFileReference; fileEncoding = 4; lastKnownFileType = sourcecode.c.h; path = SDWebImageCompat.h; sourceTree = "<group>"; };
		F1EA64FB185F6E7800EBF4F5 /* SDWebImageCompat.m */ = {isa = PBXFileReference; fileEncoding = 4; lastKnownFileType = sourcecode.c.objc; path = SDWebImageCompat.m; sourceTree = "<group>"; };
		F1EA64FC185F6E7800EBF4F5 /* SDWebImageDecoder.h */ = {isa = PBXFileReference; fileEncoding = 4; lastKnownFileType = sourcecode.c.h; path = SDWebImageDecoder.h; sourceTree = "<group>"; };
		F1EA64FD185F6E7800EBF4F5 /* SDWebImageDecoder.m */ = {isa = PBXFileReference; fileEncoding = 4; lastKnownFileType = sourcecode.c.objc; path = SDWebImageDecoder.m; sourceTree = "<group>"; };
		F1EA64FE185F6E7800EBF4F5 /* SDWebImageDownloader.h */ = {isa = PBXFileReference; fileEncoding = 4; lastKnownFileType = sourcecode.c.h; path = SDWebImageDownloader.h; sourceTree = "<group>"; };
		F1EA64FF185F6E7800EBF4F5 /* SDWebImageDownloader.m */ = {isa = PBXFileReference; fileEncoding = 4; lastKnownFileType = sourcecode.c.objc; path = SDWebImageDownloader.m; sourceTree = "<group>"; };
		F1EA6500185F6E7800EBF4F5 /* SDWebImageDownloaderOperation.h */ = {isa = PBXFileReference; fileEncoding = 4; lastKnownFileType = sourcecode.c.h; path = SDWebImageDownloaderOperation.h; sourceTree = "<group>"; };
		F1EA6501185F6E7800EBF4F5 /* SDWebImageDownloaderOperation.m */ = {isa = PBXFileReference; fileEncoding = 4; lastKnownFileType = sourcecode.c.objc; path = SDWebImageDownloaderOperation.m; sourceTree = "<group>"; };
		F1EA6502185F6E7800EBF4F5 /* SDWebImageManager.h */ = {isa = PBXFileReference; fileEncoding = 4; lastKnownFileType = sourcecode.c.h; path = SDWebImageManager.h; sourceTree = "<group>"; };
		F1EA6503185F6E7800EBF4F5 /* SDWebImageManager.m */ = {isa = PBXFileReference; fileEncoding = 4; lastKnownFileType = sourcecode.c.objc; path = SDWebImageManager.m; sourceTree = "<group>"; };
		F1EA6504185F6E7800EBF4F5 /* SDWebImageOperation.h */ = {isa = PBXFileReference; fileEncoding = 4; lastKnownFileType = sourcecode.c.h; path = SDWebImageOperation.h; sourceTree = "<group>"; };
		F1EA6505185F6E7800EBF4F5 /* SDWebImagePrefetcher.h */ = {isa = PBXFileReference; fileEncoding = 4; lastKnownFileType = sourcecode.c.h; path = SDWebImagePrefetcher.h; sourceTree = "<group>"; };
		F1EA6506185F6E7800EBF4F5 /* SDWebImagePrefetcher.m */ = {isa = PBXFileReference; fileEncoding = 4; lastKnownFileType = sourcecode.c.objc; path = SDWebImagePrefetcher.m; sourceTree = "<group>"; };
		F1EA6507185F6E7800EBF4F5 /* UIButton+WebCache.h */ = {isa = PBXFileReference; fileEncoding = 4; lastKnownFileType = sourcecode.c.h; path = "UIButton+WebCache.h"; sourceTree = "<group>"; };
		F1EA6508185F6E7800EBF4F5 /* UIButton+WebCache.m */ = {isa = PBXFileReference; fileEncoding = 4; lastKnownFileType = sourcecode.c.objc; path = "UIButton+WebCache.m"; sourceTree = "<group>"; };
		F1EA6509185F6E7800EBF4F5 /* UIImage+GIF.h */ = {isa = PBXFileReference; fileEncoding = 4; lastKnownFileType = sourcecode.c.h; path = "UIImage+GIF.h"; sourceTree = "<group>"; };
		F1EA650A185F6E7800EBF4F5 /* UIImage+GIF.m */ = {isa = PBXFileReference; fileEncoding = 4; lastKnownFileType = sourcecode.c.objc; path = "UIImage+GIF.m"; sourceTree = "<group>"; };
		F1EA650B185F6E7800EBF4F5 /* UIImage+MultiFormat.h */ = {isa = PBXFileReference; fileEncoding = 4; lastKnownFileType = sourcecode.c.h; path = "UIImage+MultiFormat.h"; sourceTree = "<group>"; };
		F1EA650C185F6E7800EBF4F5 /* UIImage+MultiFormat.m */ = {isa = PBXFileReference; fileEncoding = 4; lastKnownFileType = sourcecode.c.objc; path = "UIImage+MultiFormat.m"; sourceTree = "<group>"; };
		F1EA650D185F6E7800EBF4F5 /* UIImage+WebP.h */ = {isa = PBXFileReference; fileEncoding = 4; lastKnownFileType = sourcecode.c.h; path = "UIImage+WebP.h"; sourceTree = "<group>"; };
		F1EA650E185F6E7800EBF4F5 /* UIImage+WebP.m */ = {isa = PBXFileReference; fileEncoding = 4; lastKnownFileType = sourcecode.c.objc; path = "UIImage+WebP.m"; sourceTree = "<group>"; };
		F1EA650F185F6E7800EBF4F5 /* UIImageView+WebCache.h */ = {isa = PBXFileReference; fileEncoding = 4; lastKnownFileType = sourcecode.c.h; path = "UIImageView+WebCache.h"; sourceTree = "<group>"; };
		F1EA6510185F6E7800EBF4F5 /* UIImageView+WebCache.m */ = {isa = PBXFileReference; fileEncoding = 4; lastKnownFileType = sourcecode.c.objc; path = "UIImageView+WebCache.m"; sourceTree = "<group>"; };
		F1EA6530185F6F0700EBF4F5 /* GalleryDelegate.h */ = {isa = PBXFileReference; fileEncoding = 4; lastKnownFileType = sourcecode.c.h; path = GalleryDelegate.h; sourceTree = "<group>"; };
		F1EA6531185F6F0700EBF4F5 /* GalleryDelegate.m */ = {isa = PBXFileReference; fileEncoding = 4; lastKnownFileType = sourcecode.c.objc; path = GalleryDelegate.m; sourceTree = "<group>"; };
		F1EA6533185F875A00EBF4F5 /* ImagesViewController.h */ = {isa = PBXFileReference; fileEncoding = 4; lastKnownFileType = sourcecode.c.h; path = ImagesViewController.h; sourceTree = "<group>"; };
		F1EA6534185F875A00EBF4F5 /* ImagesViewController.m */ = {isa = PBXFileReference; fileEncoding = 4; lastKnownFileType = sourcecode.c.objc; path = ImagesViewController.m; sourceTree = "<group>"; };
/* End PBXFileReference section */

/* Begin PBXFrameworksBuildPhase section */
		60D127CE18521B7A0086A8D4 /* Frameworks */ = {
			isa = PBXFrameworksBuildPhase;
			buildActionMask = 2147483647;
			files = (
				60B02B531857CE0100EAB31C /* CFNetwork.framework in Frameworks */,
				60B02B541857CE0100EAB31C /* CoreData.framework in Frameworks */,
				60B02B551857CE0100EAB31C /* MobileCoreServices.framework in Frameworks */,
				60B02B561857CE0100EAB31C /* Security.framework in Frameworks */,
				60B02B571857CE0100EAB31C /* SystemConfiguration.framework in Frameworks */,
				60B02B4D1857CE0100EAB31C /* libRestKit.a in Frameworks */,
				F19EE872185798A5000DCBE4 /* Social.framework in Frameworks */,
				60D127D718521B7A0086A8D4 /* CoreGraphics.framework in Frameworks */,
				60D127D918521B7A0086A8D4 /* UIKit.framework in Frameworks */,
				60D127D518521B7A0086A8D4 /* Foundation.framework in Frameworks */,
			);
			runOnlyForDeploymentPostprocessing = 0;
		};
		60D127F518521B7A0086A8D4 /* Frameworks */ = {
			isa = PBXFrameworksBuildPhase;
			buildActionMask = 2147483647;
			files = (
				60D127FA18521B7A0086A8D4 /* XCTest.framework in Frameworks */,
				60D127FC18521B7A0086A8D4 /* UIKit.framework in Frameworks */,
				60D127FB18521B7A0086A8D4 /* Foundation.framework in Frameworks */,
			);
			runOnlyForDeploymentPostprocessing = 0;
		};
/* End PBXFrameworksBuildPhase section */

/* Begin PBXGroup section */
		60B02B3D1857CA6500EAB31C /* Products */ = {
			isa = PBXGroup;
			children = (
				60B02B441857CA6600EAB31C /* libRestKit.a */,
				60B02B461857CA6600EAB31C /* RestKitTests.octest */,
				60B02B481857CA6600EAB31C /* RestKit.framework */,
				60B02B4A1857CA6600EAB31C /* RestKitFrameworkTests.octest */,
			);
			name = Products;
			sourceTree = "<group>";
		};
		60D127C818521B7A0086A8D4 = {
			isa = PBXGroup;
			children = (
				60B02B3C1857CA6500EAB31C /* RestKit.xcodeproj */,
				60D127DA18521B7A0086A8D4 /* Redirected */,
				60D127FF18521B7A0086A8D4 /* RedirectedTests */,
				60D127D318521B7A0086A8D4 /* Frameworks */,
				60D127D218521B7A0086A8D4 /* Products */,
			);
			sourceTree = "<group>";
		};
		60D127D218521B7A0086A8D4 /* Products */ = {
			isa = PBXGroup;
			children = (
				60D127D118521B7A0086A8D4 /* Redirected.app */,
				60D127F818521B7A0086A8D4 /* RedirectedTests.xctest */,
			);
			name = Products;
			sourceTree = "<group>";
		};
		60D127D318521B7A0086A8D4 /* Frameworks */ = {
			isa = PBXGroup;
			children = (
				60B02B4E1857CE0100EAB31C /* CFNetwork.framework */,
				60B02B4F1857CE0100EAB31C /* CoreData.framework */,
				60B02B501857CE0100EAB31C /* MobileCoreServices.framework */,
				60B02B511857CE0100EAB31C /* Security.framework */,
				60B02B521857CE0100EAB31C /* SystemConfiguration.framework */,
				F19EE871185798A5000DCBE4 /* Social.framework */,
				60D127D418521B7A0086A8D4 /* Foundation.framework */,
				60D127D618521B7A0086A8D4 /* CoreGraphics.framework */,
				60D127D818521B7A0086A8D4 /* UIKit.framework */,
				60D127F918521B7A0086A8D4 /* XCTest.framework */,
			);
			name = Frameworks;
			sourceTree = "<group>";
		};
		60D127DA18521B7A0086A8D4 /* Redirected */ = {
			isa = PBXGroup;
			children = (
				60D127E318521B7A0086A8D4 /* AppDelegate.h */,
				60D127E418521B7A0086A8D4 /* AppDelegate.m */,
				6084C833185A71D000A1255D /* RepertoireController.h */,
				6084C834185A71D000A1255D /* RepertoireController.m */,
				60D127E618521B7A0086A8D4 /* Main_iPhone.storyboard */,
				60D127E918521B7A0086A8D4 /* Main_iPad.storyboard */,
				60D127F218521B7A0086A8D4 /* Images.xcassets */,
				60D127EC18521B7A0086A8D4 /* CountdownViewController.h */,
				60D127ED18521B7A0086A8D4 /* CountdownViewController.m */,
				F1DFBE0B185370950005304B /* ActorListController.h */,
				60B54A1B1858F16100A54329 /* Redirected.xcdatamodeld */,
				F1DFBE0C185370950005304B /* ActorListController.m */,
				F19C16451855002F00740B2C /* ActorDetailViewController.h */,
				F19C16461855002F00740B2C /* ActorDetailViewController.m */,
				60D127EF18521B7A0086A8D4 /* AboutViewController.h */,
				60D127F018521B7A0086A8D4 /* AboutViewController.m */,
				F19EF310185DB22B00F6B21F /* InfoViewController.h */,
				F19EF311185DB22B00F6B21F /* InfoViewController.m */,
				F1AC4E931858F55B00E90EBD /* VideoViewController.h */,
				F1AC4E941858F55B00E90EBD /* VideoViewController.m */,
				F1EA64AD185F6E2A00EBF4F5 /* mwphotobrowser */,
				F19EF313185DB6BE00F6B21F /* images */,
				F19E69A2185A2ACE00B2CAB3 /* quotes */,
				F19E69A7185A30B900B2CAB3 /* util */,
				F19E69A3185A306500B2CAB3 /* model */,
				60D127DB18521B7A0086A8D4 /* Supporting Files */,
			);
			path = Redirected;
			sourceTree = "<group>";
		};
		60D127DB18521B7A0086A8D4 /* Supporting Files */ = {
			isa = PBXGroup;
			children = (
				F1AC4E921858DA8F00E90EBD /* Fonts */,
				60D127DC18521B7A0086A8D4 /* Redirected-Info.plist */,
				60D127DD18521B7A0086A8D4 /* InfoPlist.strings */,
				60D127E018521B7A0086A8D4 /* main.m */,
				60D127E218521B7A0086A8D4 /* Redirected-Prefix.pch */,
			);
			name = "Supporting Files";
			sourceTree = "<group>";
		};
		60D127FF18521B7A0086A8D4 /* RedirectedTests */ = {
			isa = PBXGroup;
			children = (
				60D1280518521B7A0086A8D4 /* RedirectedTests.m */,
				60D1280018521B7A0086A8D4 /* Supporting Files */,
			);
			path = RedirectedTests;
			sourceTree = "<group>";
		};
		60D1280018521B7A0086A8D4 /* Supporting Files */ = {
			isa = PBXGroup;
			children = (
				60D1280118521B7A0086A8D4 /* RedirectedTests-Info.plist */,
				60D1280218521B7A0086A8D4 /* InfoPlist.strings */,
			);
			name = "Supporting Files";
			sourceTree = "<group>";
		};
		F19E69A2185A2ACE00B2CAB3 /* quotes */ = {
			isa = PBXGroup;
			children = (
				F19EE86E18578804000DCBE4 /* QuoteGeneratorController.h */,
				F19EE86F18578804000DCBE4 /* QuoteGeneratorController.m */,
				F19EE86B1857864B000DCBE4 /* QuoteController.h */,
				F19EE86C1857864B000DCBE4 /* QuoteController.m */,
			);
			name = quotes;
			sourceTree = "<group>";
		};
		F19E69A3185A306500B2CAB3 /* model */ = {
			isa = PBXGroup;
			children = (
				F19C16421854DFAB00740B2C /* Actors.h */,
				F19C16431854DFAB00740B2C /* Actors.m */,
				F19C163F1854DCC100740B2C /* ActorInfo.h */,
				F19C16401854DCC100740B2C /* ActorInfo.m */,
				F19E69A4185A30AC00B2CAB3 /* Quote.h */,
				F19E69A5185A30AC00B2CAB3 /* Quote.m */,
			);
			name = model;
			sourceTree = "<group>";
		};
		F19E69A7185A30B900B2CAB3 /* util */ = {
			isa = PBXGroup;
			children = (
				F1DFBFF618537EE40005304B /* SocialIntegration.h */,
				F1DFBFF718537EE40005304B /* SocialIntegration.m */,
			);
			name = util;
			sourceTree = "<group>";
		};
		F19EF313185DB6BE00F6B21F /* images */ = {
			isa = PBXGroup;
			children = (
				F1EA6530185F6F0700EBF4F5 /* GalleryDelegate.h */,
				F1EA6531185F6F0700EBF4F5 /* GalleryDelegate.m */,
				F1EA6533185F875A00EBF4F5 /* ImagesViewController.h */,
				F1EA6534185F875A00EBF4F5 /* ImagesViewController.m */,
				F19EF314185DB6EC00F6B21F /* GalleryViewController.h */,
				F19EF315185DB6EC00F6B21F /* GalleryViewController.m */,
				F127CEF6185E065A00B66CB0 /* ImageViewController.h */,
				F127CEF7185E065A00B66CB0 /* ImageViewController.m */,
			);
			name = images;
			sourceTree = "<group>";
		};
		F1AC4E921858DA8F00E90EBD /* Fonts */ = {
			isa = PBXGroup;
			children = (
				60B4B32E185E46470049551A /* BebasNeue.otf */,
				60B4B32F185E46470049551A /* Uni_acc_Italic.ttf */,
				60B4B330185E46470049551A /* Uni_acc.ttf */,
				F1AC4E8A1858DA6A00E90EBD /* Press Serif Cool.ttf */,
			);
			name = Fonts;
			sourceTree = "<group>";
		};
		F1EA64AD185F6E2A00EBF4F5 /* mwphotobrowser */ = {
			isa = PBXGroup;
			children = (
				F1EA64CE185F6E7800EBF4F5 /* DACircularProgress */,
				F1EA64D1185F6E7800EBF4F5 /* MBProgressHUD */,
				F1EA64D5185F6E7800EBF4F5 /* PSTCollectionView */,
				F1EA64F2185F6E7800EBF4F5 /* SDWebImage */,
				F1EA64CC185F6E6800EBF4F5 /* MWPhotoBrowser.bundle */,
				F1EA64B1185F6E5000EBF4F5 /* MWCaptionView.h */,
				F1EA64B2185F6E5000EBF4F5 /* MWCaptionView.m */,
				F1EA64B3185F6E5000EBF4F5 /* MWCommon.h */,
				F1EA64B4185F6E5000EBF4F5 /* MWGridCell.h */,
				F1EA64B5185F6E5000EBF4F5 /* MWGridCell.m */,
				F1EA64B6185F6E5000EBF4F5 /* MWGridViewController.h */,
				F1EA64B7185F6E5000EBF4F5 /* MWGridViewController.m */,
				F1EA64B8185F6E5000EBF4F5 /* MWPhoto.h */,
				F1EA64B9185F6E5000EBF4F5 /* MWPhoto.m */,
				F1EA64BA185F6E5000EBF4F5 /* MWPhotoBrowser.h */,
				F1EA64BB185F6E5000EBF4F5 /* MWPhotoBrowser.m */,
				F1EA64BC185F6E5000EBF4F5 /* MWPhotoBrowserPrivate.h */,
				F1EA64BD185F6E5000EBF4F5 /* MWPhotoProtocol.h */,
				F1EA64BE185F6E5000EBF4F5 /* MWTapDetectingImageView.h */,
				F1EA64BF185F6E5000EBF4F5 /* MWTapDetectingImageView.m */,
				F1EA64C0185F6E5000EBF4F5 /* MWTapDetectingView.h */,
				F1EA64C1185F6E5000EBF4F5 /* MWTapDetectingView.m */,
				F1EA64C2185F6E5000EBF4F5 /* MWZoomingScrollView.h */,
				F1EA64C3185F6E5000EBF4F5 /* MWZoomingScrollView.m */,
			);
			name = mwphotobrowser;
			sourceTree = "<group>";
		};
		F1EA64CE185F6E7800EBF4F5 /* DACircularProgress */ = {
			isa = PBXGroup;
			children = (
				F1EA64CF185F6E7800EBF4F5 /* DACircularProgressView.h */,
				F1EA64D0185F6E7800EBF4F5 /* DACircularProgressView.m */,
			);
			path = DACircularProgress;
			sourceTree = "<group>";
		};
		F1EA64D1185F6E7800EBF4F5 /* MBProgressHUD */ = {
			isa = PBXGroup;
			children = (
				F1EA64D2185F6E7800EBF4F5 /* MBProgressHUD.h */,
				F1EA64D3185F6E7800EBF4F5 /* MBProgressHUD.m */,
				F1EA64D4185F6E7800EBF4F5 /* README.mdown */,
			);
			path = MBProgressHUD;
			sourceTree = "<group>";
		};
		F1EA64D5185F6E7800EBF4F5 /* PSTCollectionView */ = {
			isa = PBXGroup;
			children = (
				F1EA64D6185F6E7800EBF4F5 /* NSIndexPath+PSTCollectionViewAdditions.h */,
				F1EA64D7185F6E7800EBF4F5 /* NSIndexPath+PSTCollectionViewAdditions.m */,
				F1EA64D8185F6E7800EBF4F5 /* PSTCollectionView.h */,
				F1EA64D9185F6E7800EBF4F5 /* PSTCollectionView.m */,
				F1EA64DA185F6E7800EBF4F5 /* PSTCollectionViewCell.h */,
				F1EA64DB185F6E7800EBF4F5 /* PSTCollectionViewCell.m */,
				F1EA64DC185F6E7800EBF4F5 /* PSTCollectionViewCommon.h */,
				F1EA64DD185F6E7800EBF4F5 /* PSTCollectionViewController.h */,
				F1EA64DE185F6E7800EBF4F5 /* PSTCollectionViewController.m */,
				F1EA64DF185F6E7800EBF4F5 /* PSTCollectionViewData.h */,
				F1EA64E0185F6E7800EBF4F5 /* PSTCollectionViewData.m */,
				F1EA64E1185F6E7800EBF4F5 /* PSTCollectionViewFlowLayout.h */,
				F1EA64E2185F6E7800EBF4F5 /* PSTCollectionViewFlowLayout.m */,
				F1EA64E3185F6E7800EBF4F5 /* PSTCollectionViewItemKey.h */,
				F1EA64E4185F6E7800EBF4F5 /* PSTCollectionViewItemKey.m */,
				F1EA64E5185F6E7800EBF4F5 /* PSTCollectionViewLayout+Internals.h */,
				F1EA64E6185F6E7800EBF4F5 /* PSTCollectionViewLayout.h */,
				F1EA64E7185F6E7800EBF4F5 /* PSTCollectionViewLayout.m */,
				F1EA64E8185F6E7800EBF4F5 /* PSTCollectionViewUpdateItem.h */,
				F1EA64E9185F6E7800EBF4F5 /* PSTCollectionViewUpdateItem.m */,
				F1EA64EA185F6E7800EBF4F5 /* PSTGridLayoutInfo.h */,
				F1EA64EB185F6E7800EBF4F5 /* PSTGridLayoutInfo.m */,
				F1EA64EC185F6E7800EBF4F5 /* PSTGridLayoutItem.h */,
				F1EA64ED185F6E7800EBF4F5 /* PSTGridLayoutItem.m */,
				F1EA64EE185F6E7800EBF4F5 /* PSTGridLayoutRow.h */,
				F1EA64EF185F6E7800EBF4F5 /* PSTGridLayoutRow.m */,
				F1EA64F0185F6E7800EBF4F5 /* PSTGridLayoutSection.h */,
				F1EA64F1185F6E7800EBF4F5 /* PSTGridLayoutSection.m */,
			);
			path = PSTCollectionView;
			sourceTree = "<group>";
		};
		F1EA64F2185F6E7800EBF4F5 /* SDWebImage */ = {
			isa = PBXGroup;
			children = (
				F1EA64F3185F6E7800EBF4F5 /* LICENSE */,
				F1EA64F4185F6E7800EBF4F5 /* README.md */,
				F1EA64F5185F6E7800EBF4F5 /* SDWebImage */,
			);
			path = SDWebImage;
			sourceTree = "<group>";
		};
		F1EA64F5185F6E7800EBF4F5 /* SDWebImage */ = {
			isa = PBXGroup;
			children = (
				F1EA64F6185F6E7800EBF4F5 /* NSData+GIF.h */,
				F1EA64F7185F6E7800EBF4F5 /* NSData+GIF.m */,
				F1EA64F8185F6E7800EBF4F5 /* SDImageCache.h */,
				F1EA64F9185F6E7800EBF4F5 /* SDImageCache.m */,
				F1EA64FA185F6E7800EBF4F5 /* SDWebImageCompat.h */,
				F1EA64FB185F6E7800EBF4F5 /* SDWebImageCompat.m */,
				F1EA64FC185F6E7800EBF4F5 /* SDWebImageDecoder.h */,
				F1EA64FD185F6E7800EBF4F5 /* SDWebImageDecoder.m */,
				F1EA64FE185F6E7800EBF4F5 /* SDWebImageDownloader.h */,
				F1EA64FF185F6E7800EBF4F5 /* SDWebImageDownloader.m */,
				F1EA6500185F6E7800EBF4F5 /* SDWebImageDownloaderOperation.h */,
				F1EA6501185F6E7800EBF4F5 /* SDWebImageDownloaderOperation.m */,
				F1EA6502185F6E7800EBF4F5 /* SDWebImageManager.h */,
				F1EA6503185F6E7800EBF4F5 /* SDWebImageManager.m */,
				F1EA6504185F6E7800EBF4F5 /* SDWebImageOperation.h */,
				F1EA6505185F6E7800EBF4F5 /* SDWebImagePrefetcher.h */,
				F1EA6506185F6E7800EBF4F5 /* SDWebImagePrefetcher.m */,
				F1EA6507185F6E7800EBF4F5 /* UIButton+WebCache.h */,
				F1EA6508185F6E7800EBF4F5 /* UIButton+WebCache.m */,
				F1EA6509185F6E7800EBF4F5 /* UIImage+GIF.h */,
				F1EA650A185F6E7800EBF4F5 /* UIImage+GIF.m */,
				F1EA650B185F6E7800EBF4F5 /* UIImage+MultiFormat.h */,
				F1EA650C185F6E7800EBF4F5 /* UIImage+MultiFormat.m */,
				F1EA650D185F6E7800EBF4F5 /* UIImage+WebP.h */,
				F1EA650E185F6E7800EBF4F5 /* UIImage+WebP.m */,
				F1EA650F185F6E7800EBF4F5 /* UIImageView+WebCache.h */,
				F1EA6510185F6E7800EBF4F5 /* UIImageView+WebCache.m */,
			);
			path = SDWebImage;
			sourceTree = "<group>";
		};
/* End PBXGroup section */

/* Begin PBXNativeTarget section */
		60D127D018521B7A0086A8D4 /* Redirected */ = {
			isa = PBXNativeTarget;
			buildConfigurationList = 60D1280918521B7A0086A8D4 /* Build configuration list for PBXNativeTarget "Redirected" */;
			buildPhases = (
				60D127CD18521B7A0086A8D4 /* Sources */,
				60D127CE18521B7A0086A8D4 /* Frameworks */,
				60D127CF18521B7A0086A8D4 /* Resources */,
			);
			buildRules = (
			);
			dependencies = (
				60B02B4C1857CD3300EAB31C /* PBXTargetDependency */,
			);
			name = Redirected;
			productName = Redirected;
			productReference = 60D127D118521B7A0086A8D4 /* Redirected.app */;
			productType = "com.apple.product-type.application";
		};
		60D127F718521B7A0086A8D4 /* RedirectedTests */ = {
			isa = PBXNativeTarget;
			buildConfigurationList = 60D1280C18521B7A0086A8D4 /* Build configuration list for PBXNativeTarget "RedirectedTests" */;
			buildPhases = (
				60D127F418521B7A0086A8D4 /* Sources */,
				60D127F518521B7A0086A8D4 /* Frameworks */,
				60D127F618521B7A0086A8D4 /* Resources */,
			);
			buildRules = (
			);
			dependencies = (
				60D127FE18521B7A0086A8D4 /* PBXTargetDependency */,
			);
			name = RedirectedTests;
			productName = RedirectedTests;
			productReference = 60D127F818521B7A0086A8D4 /* RedirectedTests.xctest */;
			productType = "com.apple.product-type.bundle.unit-test";
		};
/* End PBXNativeTarget section */

/* Begin PBXProject section */
		60D127C918521B7A0086A8D4 /* Project object */ = {
			isa = PBXProject;
			attributes = {
				LastUpgradeCheck = 0500;
				ORGANIZATIONNAME = redirectedmovie.com;
				TargetAttributes = {
					60D127F718521B7A0086A8D4 = {
						TestTargetID = 60D127D018521B7A0086A8D4;
					};
				};
			};
			buildConfigurationList = 60D127CC18521B7A0086A8D4 /* Build configuration list for PBXProject "Redirected" */;
			compatibilityVersion = "Xcode 3.2";
			developmentRegion = English;
			hasScannedForEncodings = 0;
			knownRegions = (
				en,
				Base,
				he,
				lt,
			);
			mainGroup = 60D127C818521B7A0086A8D4;
			productRefGroup = 60D127D218521B7A0086A8D4 /* Products */;
			projectDirPath = "";
			projectReferences = (
				{
					ProductGroup = 60B02B3D1857CA6500EAB31C /* Products */;
					ProjectRef = 60B02B3C1857CA6500EAB31C /* RestKit.xcodeproj */;
				},
			);
			projectRoot = "";
			targets = (
				60D127D018521B7A0086A8D4 /* Redirected */,
				60D127F718521B7A0086A8D4 /* RedirectedTests */,
			);
		};
/* End PBXProject section */

/* Begin PBXReferenceProxy section */
		60B02B441857CA6600EAB31C /* libRestKit.a */ = {
			isa = PBXReferenceProxy;
			fileType = archive.ar;
			path = libRestKit.a;
			remoteRef = 60B02B431857CA6600EAB31C /* PBXContainerItemProxy */;
			sourceTree = BUILT_PRODUCTS_DIR;
		};
		60B02B461857CA6600EAB31C /* RestKitTests.octest */ = {
			isa = PBXReferenceProxy;
			fileType = wrapper.cfbundle;
			path = RestKitTests.octest;
			remoteRef = 60B02B451857CA6600EAB31C /* PBXContainerItemProxy */;
			sourceTree = BUILT_PRODUCTS_DIR;
		};
		60B02B481857CA6600EAB31C /* RestKit.framework */ = {
			isa = PBXReferenceProxy;
			fileType = wrapper.framework;
			path = RestKit.framework;
			remoteRef = 60B02B471857CA6600EAB31C /* PBXContainerItemProxy */;
			sourceTree = BUILT_PRODUCTS_DIR;
		};
		60B02B4A1857CA6600EAB31C /* RestKitFrameworkTests.octest */ = {
			isa = PBXReferenceProxy;
			fileType = wrapper.cfbundle;
			path = RestKitFrameworkTests.octest;
			remoteRef = 60B02B491857CA6600EAB31C /* PBXContainerItemProxy */;
			sourceTree = BUILT_PRODUCTS_DIR;
		};
/* End PBXReferenceProxy section */

/* Begin PBXResourcesBuildPhase section */
		60D127CF18521B7A0086A8D4 /* Resources */ = {
			isa = PBXResourcesBuildPhase;
			buildActionMask = 2147483647;
			files = (
				60B4B332185E46470049551A /* Uni_acc_Italic.ttf in Resources */,
				60B4B333185E46470049551A /* Uni_acc.ttf in Resources */,
				60B2CB641853542F0061C050 /* Main_iPhone.storyboard in Resources */,
				60D127EB18521B7A0086A8D4 /* Main_iPad.storyboard in Resources */,
				60B4B331185E46470049551A /* BebasNeue.otf in Resources */,
				F1EA6521185F6E7800EBF4F5 /* LICENSE in Resources */,
				F1EA6522185F6E7800EBF4F5 /* README.md in Resources */,
				60B4B32C185DE2680049551A /* Press Serif Cool.ttf in Resources */,
				F1EA64CD185F6E6800EBF4F5 /* MWPhotoBrowser.bundle in Resources */,
				60D127F318521B7A0086A8D4 /* Images.xcassets in Resources */,
				60D127DF18521B7A0086A8D4 /* InfoPlist.strings in Resources */,
				F1EA6513185F6E7800EBF4F5 /* README.mdown in Resources */,
			);
			runOnlyForDeploymentPostprocessing = 0;
		};
		60D127F618521B7A0086A8D4 /* Resources */ = {
			isa = PBXResourcesBuildPhase;
			buildActionMask = 2147483647;
			files = (
				60D1280418521B7A0086A8D4 /* InfoPlist.strings in Resources */,
			);
			runOnlyForDeploymentPostprocessing = 0;
		};
/* End PBXResourcesBuildPhase section */

/* Begin PBXSourcesBuildPhase section */
		60D127CD18521B7A0086A8D4 /* Sources */ = {
			isa = PBXSourcesBuildPhase;
			buildActionMask = 2147483647;
			files = (
				F1EA652D185F6E7800EBF4F5 /* UIImage+MultiFormat.m in Sources */,
				F1EA6527185F6E7800EBF4F5 /* SDWebImageDownloader.m in Sources */,
				F1EA652E185F6E7800EBF4F5 /* UIImage+WebP.m in Sources */,
				F1EA6519185F6E7800EBF4F5 /* PSTCollectionViewFlowLayout.m in Sources */,
				F19EE86D1857864B000DCBE4 /* QuoteController.m in Sources */,
				F1EA64C6185F6E5000EBF4F5 /* MWGridViewController.m in Sources */,
				F1EA64C5185F6E5000EBF4F5 /* MWGridCell.m in Sources */,
				60D127F118521B7A0086A8D4 /* AboutViewController.m in Sources */,
				F1EA651A185F6E7800EBF4F5 /* PSTCollectionViewItemKey.m in Sources */,
				F1EA6528185F6E7800EBF4F5 /* SDWebImageDownloaderOperation.m in Sources */,
				F1EA6511185F6E7800EBF4F5 /* DACircularProgressView.m in Sources */,
				F1EA6526185F6E7800EBF4F5 /* SDWebImageDecoder.m in Sources */,
				F1EA64C7185F6E5000EBF4F5 /* MWPhoto.m in Sources */,
				F1EA6520185F6E7800EBF4F5 /* PSTGridLayoutSection.m in Sources */,
				F127CEF8185E065A00B66CB0 /* ImageViewController.m in Sources */,
				F19E69A6185A30AC00B2CAB3 /* Quote.m in Sources */,
				F1AC4E951858F55B00E90EBD /* VideoViewController.m in Sources */,
				60D127E518521B7A0086A8D4 /* AppDelegate.m in Sources */,
				F19EE87018578804000DCBE4 /* QuoteGeneratorController.m in Sources */,
				F1EA652B185F6E7800EBF4F5 /* UIButton+WebCache.m in Sources */,
				F1EA651C185F6E7800EBF4F5 /* PSTCollectionViewUpdateItem.m in Sources */,
				F1DFBE0D185370950005304B /* ActorListController.m in Sources */,
				F19C16411854DCC100740B2C /* ActorInfo.m in Sources */,
				F1DFBFF818537EE40005304B /* SocialIntegration.m in Sources */,
				F1EA651D185F6E7800EBF4F5 /* PSTGridLayoutInfo.m in Sources */,
				60D127EE18521B7A0086A8D4 /* CountdownViewController.m in Sources */,
				F19C16471855002F00740B2C /* ActorDetailViewController.m in Sources */,
				F1EA6515185F6E7800EBF4F5 /* PSTCollectionView.m in Sources */,
				F1EA651E185F6E7800EBF4F5 /* PSTGridLayoutItem.m in Sources */,
				60D127E118521B7A0086A8D4 /* main.m in Sources */,
				F1EA64C4185F6E5000EBF4F5 /* MWCaptionView.m in Sources */,
				F1EA6523185F6E7800EBF4F5 /* NSData+GIF.m in Sources */,
				F1EA651F185F6E7800EBF4F5 /* PSTGridLayoutRow.m in Sources */,
				F19EF312185DB22B00F6B21F /* InfoViewController.m in Sources */,
				F1EA6518185F6E7800EBF4F5 /* PSTCollectionViewData.m in Sources */,
				F1EA652C185F6E7800EBF4F5 /* UIImage+GIF.m in Sources */,
				F1EA64C9185F6E5000EBF4F5 /* MWTapDetectingImageView.m in Sources */,
				F1EA6529185F6E7800EBF4F5 /* SDWebImageManager.m in Sources */,
				60B54A1D1858F16100A54329 /* Redirected.xcdatamodeld in Sources */,
				6084C835185A71D000A1255D /* RepertoireController.m in Sources */,
				F1EA64CB185F6E5000EBF4F5 /* MWZoomingScrollView.m in Sources */,
				F1EA6525185F6E7800EBF4F5 /* SDWebImageCompat.m in Sources */,
				F1EA64CA185F6E5000EBF4F5 /* MWTapDetectingView.m in Sources */,
				F19C16441854DFAB00740B2C /* Actors.m in Sources */,
				F1EA6532185F6F0700EBF4F5 /* GalleryDelegate.m in Sources */,
				F1EA6517185F6E7800EBF4F5 /* PSTCollectionViewController.m in Sources */,
				F1EA6535185F875A00EBF4F5 /* ImagesViewController.m in Sources */,
				F1EA64C8185F6E5000EBF4F5 /* MWPhotoBrowser.m in Sources */,
				F1EA6514185F6E7800EBF4F5 /* NSIndexPath+PSTCollectionViewAdditions.m in Sources */,
				F1EA652A185F6E7800EBF4F5 /* SDWebImagePrefetcher.m in Sources */,
				F1EA651B185F6E7800EBF4F5 /* PSTCollectionViewLayout.m in Sources */,
				F1EA6516185F6E7800EBF4F5 /* PSTCollectionViewCell.m in Sources */,
				F1EA652F185F6E7800EBF4F5 /* UIImageView+WebCache.m in Sources */,
				F1EA6524185F6E7800EBF4F5 /* SDImageCache.m in Sources */,
				F19EF316185DB6EC00F6B21F /* GalleryViewController.m in Sources */,
				F1EA6512185F6E7800EBF4F5 /* MBProgressHUD.m in Sources */,
			);
			runOnlyForDeploymentPostprocessing = 0;
		};
		60D127F418521B7A0086A8D4 /* Sources */ = {
			isa = PBXSourcesBuildPhase;
			buildActionMask = 2147483647;
			files = (
				60D1280618521B7A0086A8D4 /* RedirectedTests.m in Sources */,
			);
			runOnlyForDeploymentPostprocessing = 0;
		};
/* End PBXSourcesBuildPhase section */

/* Begin PBXTargetDependency section */
		60B02B4C1857CD3300EAB31C /* PBXTargetDependency */ = {
			isa = PBXTargetDependency;
			name = RestKit;
			targetProxy = 60B02B4B1857CD3300EAB31C /* PBXContainerItemProxy */;
		};
		60D127FE18521B7A0086A8D4 /* PBXTargetDependency */ = {
			isa = PBXTargetDependency;
			target = 60D127D018521B7A0086A8D4 /* Redirected */;
			targetProxy = 60D127FD18521B7A0086A8D4 /* PBXContainerItemProxy */;
		};
/* End PBXTargetDependency section */

/* Begin PBXVariantGroup section */
		60D127DD18521B7A0086A8D4 /* InfoPlist.strings */ = {
			isa = PBXVariantGroup;
			children = (
				60D127DE18521B7A0086A8D4 /* en */,
				60BAA1961856766D00CB3CE7 /* lt */,
			);
			name = InfoPlist.strings;
			sourceTree = "<group>";
		};
		60D127E618521B7A0086A8D4 /* Main_iPhone.storyboard */ = {
			isa = PBXVariantGroup;
			children = (
				60B4E311185358B600401958 /* Base */,
				60BAA1971856766D00CB3CE7 /* lt */,
			);
			name = Main_iPhone.storyboard;
			sourceTree = "<group>";
		};
		60D127E918521B7A0086A8D4 /* Main_iPad.storyboard */ = {
			isa = PBXVariantGroup;
			children = (
				60D127EA18521B7A0086A8D4 /* Base */,
				60BAA1981856766D00CB3CE7 /* lt */,
			);
			name = Main_iPad.storyboard;
			sourceTree = "<group>";
		};
		60D1280218521B7A0086A8D4 /* InfoPlist.strings */ = {
			isa = PBXVariantGroup;
			children = (
				60D1280318521B7A0086A8D4 /* en */,
				60BAA1991856766D00CB3CE7 /* lt */,
			);
			name = InfoPlist.strings;
			sourceTree = "<group>";
		};
/* End PBXVariantGroup section */

/* Begin XCBuildConfiguration section */
		60D1280718521B7A0086A8D4 /* Debug */ = {
			isa = XCBuildConfiguration;
			buildSettings = {
				ALWAYS_SEARCH_USER_PATHS = NO;
				CLANG_CXX_LANGUAGE_STANDARD = "gnu++0x";
				CLANG_CXX_LIBRARY = "libc++";
				CLANG_ENABLE_MODULES = YES;
				CLANG_ENABLE_OBJC_ARC = YES;
				CLANG_WARN_BOOL_CONVERSION = YES;
				CLANG_WARN_CONSTANT_CONVERSION = YES;
				CLANG_WARN_DIRECT_OBJC_ISA_USAGE = YES_ERROR;
				CLANG_WARN_EMPTY_BODY = YES;
				CLANG_WARN_ENUM_CONVERSION = YES;
				CLANG_WARN_INT_CONVERSION = YES;
				CLANG_WARN_OBJC_ROOT_CLASS = YES_ERROR;
				CLANG_WARN__DUPLICATE_METHOD_MATCH = YES;
				"CODE_SIGN_IDENTITY[sdk=iphoneos*]" = "iPhone Developer";
				COPY_PHASE_STRIP = NO;
				GCC_C_LANGUAGE_STANDARD = gnu99;
				GCC_DYNAMIC_NO_PIC = NO;
				GCC_OPTIMIZATION_LEVEL = 0;
				GCC_PREPROCESSOR_DEFINITIONS = (
					"DEBUG=1",
					"$(inherited)",
				);
				GCC_SYMBOLS_PRIVATE_EXTERN = NO;
				GCC_WARN_64_TO_32_BIT_CONVERSION = YES;
				GCC_WARN_ABOUT_RETURN_TYPE = YES_ERROR;
				GCC_WARN_UNDECLARED_SELECTOR = YES;
				GCC_WARN_UNINITIALIZED_AUTOS = YES;
				GCC_WARN_UNUSED_FUNCTION = YES;
				GCC_WARN_UNUSED_VARIABLE = YES;
				IPHONEOS_DEPLOYMENT_TARGET = 7.0;
				ONLY_ACTIVE_ARCH = YES;
				SDKROOT = iphoneos;
				TARGETED_DEVICE_FAMILY = "1,2";
			};
			name = Debug;
		};
		60D1280818521B7A0086A8D4 /* Release */ = {
			isa = XCBuildConfiguration;
			buildSettings = {
				ALWAYS_SEARCH_USER_PATHS = NO;
				CLANG_CXX_LANGUAGE_STANDARD = "gnu++0x";
				CLANG_CXX_LIBRARY = "libc++";
				CLANG_ENABLE_MODULES = YES;
				CLANG_ENABLE_OBJC_ARC = YES;
				CLANG_WARN_BOOL_CONVERSION = YES;
				CLANG_WARN_CONSTANT_CONVERSION = YES;
				CLANG_WARN_DIRECT_OBJC_ISA_USAGE = YES_ERROR;
				CLANG_WARN_EMPTY_BODY = YES;
				CLANG_WARN_ENUM_CONVERSION = YES;
				CLANG_WARN_INT_CONVERSION = YES;
				CLANG_WARN_OBJC_ROOT_CLASS = YES_ERROR;
				CLANG_WARN__DUPLICATE_METHOD_MATCH = YES;
				"CODE_SIGN_IDENTITY[sdk=iphoneos*]" = "iPhone Developer";
				COPY_PHASE_STRIP = YES;
				ENABLE_NS_ASSERTIONS = NO;
				GCC_C_LANGUAGE_STANDARD = gnu99;
				GCC_WARN_64_TO_32_BIT_CONVERSION = YES;
				GCC_WARN_ABOUT_RETURN_TYPE = YES_ERROR;
				GCC_WARN_UNDECLARED_SELECTOR = YES;
				GCC_WARN_UNINITIALIZED_AUTOS = YES;
				GCC_WARN_UNUSED_FUNCTION = YES;
				GCC_WARN_UNUSED_VARIABLE = YES;
				IPHONEOS_DEPLOYMENT_TARGET = 7.0;
				SDKROOT = iphoneos;
				TARGETED_DEVICE_FAMILY = "1,2";
				VALIDATE_PRODUCT = YES;
			};
			name = Release;
		};
		60D1280A18521B7A0086A8D4 /* Debug */ = {
			isa = XCBuildConfiguration;
			buildSettings = {
				ASSETCATALOG_COMPILER_APPICON_NAME = AppIcon;
				ASSETCATALOG_COMPILER_LAUNCHIMAGE_NAME = LaunchImage;
				FRAMEWORK_SEARCH_PATHS = "";
				GCC_PRECOMPILE_PREFIX_HEADER = YES;
				GCC_PREFIX_HEADER = "Redirected/Redirected-Prefix.pch";
				HEADER_SEARCH_PATHS = (
					"$(inherited)",
					/Applications/Xcode.app/Contents/Developer/Toolchains/XcodeDefault.xctoolchain/usr/include,
					"\"$(BUILT_PRODUCTS_DIR)/../../Headers\"",
				);
				INFOPLIST_FILE = "Redirected/Redirected-Info.plist";
				IPHONEOS_DEPLOYMENT_TARGET = 6.0;
				OTHER_LDFLAGS = (
					"-ObjC",
					"-all_load",
				);
				PRODUCT_NAME = "$(TARGET_NAME)";
				VERSIONING_SYSTEM = "";
				WRAPPER_EXTENSION = app;
			};
			name = Debug;
		};
		60D1280B18521B7A0086A8D4 /* Release */ = {
			isa = XCBuildConfiguration;
			buildSettings = {
				ASSETCATALOG_COMPILER_APPICON_NAME = AppIcon;
				ASSETCATALOG_COMPILER_LAUNCHIMAGE_NAME = LaunchImage;
				FRAMEWORK_SEARCH_PATHS = "";
				GCC_PRECOMPILE_PREFIX_HEADER = YES;
				GCC_PREFIX_HEADER = "Redirected/Redirected-Prefix.pch";
				HEADER_SEARCH_PATHS = (
					"$(inherited)",
					/Applications/Xcode.app/Contents/Developer/Toolchains/XcodeDefault.xctoolchain/usr/include,
					"\"$(BUILT_PRODUCTS_DIR)/../../Headers\"",
				);
				INFOPLIST_FILE = "Redirected/Redirected-Info.plist";
				IPHONEOS_DEPLOYMENT_TARGET = 6.0;
				OTHER_LDFLAGS = (
					"-ObjC",
					"-all_load",
				);
				PRODUCT_NAME = "$(TARGET_NAME)";
				VERSIONING_SYSTEM = "";
				WRAPPER_EXTENSION = app;
			};
			name = Release;
		};
		60D1280D18521B7A0086A8D4 /* Debug */ = {
			isa = XCBuildConfiguration;
			buildSettings = {
				BUNDLE_LOADER = "$(BUILT_PRODUCTS_DIR)/Redirected.app/Redirected";
				FRAMEWORK_SEARCH_PATHS = (
					"$(SDKROOT)/Developer/Library/Frameworks",
					"$(inherited)",
					"$(DEVELOPER_FRAMEWORKS_DIR)",
				);
				GCC_PRECOMPILE_PREFIX_HEADER = YES;
				GCC_PREFIX_HEADER = "Redirected/Redirected-Prefix.pch";
				GCC_PREPROCESSOR_DEFINITIONS = (
					"DEBUG=1",
					"$(inherited)",
				);
				INFOPLIST_FILE = "RedirectedTests/RedirectedTests-Info.plist";
				PRODUCT_NAME = "$(TARGET_NAME)";
				TEST_HOST = "$(BUNDLE_LOADER)";
				WRAPPER_EXTENSION = xctest;
			};
			name = Debug;
		};
		60D1280E18521B7A0086A8D4 /* Release */ = {
			isa = XCBuildConfiguration;
			buildSettings = {
				BUNDLE_LOADER = "$(BUILT_PRODUCTS_DIR)/Redirected.app/Redirected";
				FRAMEWORK_SEARCH_PATHS = (
					"$(SDKROOT)/Developer/Library/Frameworks",
					"$(inherited)",
					"$(DEVELOPER_FRAMEWORKS_DIR)",
				);
				GCC_PRECOMPILE_PREFIX_HEADER = YES;
				GCC_PREFIX_HEADER = "Redirected/Redirected-Prefix.pch";
				INFOPLIST_FILE = "RedirectedTests/RedirectedTests-Info.plist";
				PRODUCT_NAME = "$(TARGET_NAME)";
				TEST_HOST = "$(BUNDLE_LOADER)";
				WRAPPER_EXTENSION = xctest;
			};
			name = Release;
		};
/* End XCBuildConfiguration section */

/* Begin XCConfigurationList section */
		60D127CC18521B7A0086A8D4 /* Build configuration list for PBXProject "Redirected" */ = {
			isa = XCConfigurationList;
			buildConfigurations = (
				60D1280718521B7A0086A8D4 /* Debug */,
				60D1280818521B7A0086A8D4 /* Release */,
			);
			defaultConfigurationIsVisible = 0;
			defaultConfigurationName = Release;
		};
		60D1280918521B7A0086A8D4 /* Build configuration list for PBXNativeTarget "Redirected" */ = {
			isa = XCConfigurationList;
			buildConfigurations = (
				60D1280A18521B7A0086A8D4 /* Debug */,
				60D1280B18521B7A0086A8D4 /* Release */,
			);
			defaultConfigurationIsVisible = 0;
			defaultConfigurationName = Release;
		};
		60D1280C18521B7A0086A8D4 /* Build configuration list for PBXNativeTarget "RedirectedTests" */ = {
			isa = XCConfigurationList;
			buildConfigurations = (
				60D1280D18521B7A0086A8D4 /* Debug */,
				60D1280E18521B7A0086A8D4 /* Release */,
			);
			defaultConfigurationIsVisible = 0;
			defaultConfigurationName = Release;
		};
/* End XCConfigurationList section */

/* Begin XCVersionGroup section */
		60B54A1B1858F16100A54329 /* Redirected.xcdatamodeld */ = {
			isa = XCVersionGroup;
			children = (
				60B54A1C1858F16100A54329 /* Redirected.xcdatamodel */,
			);
			currentVersion = 60B54A1C1858F16100A54329 /* Redirected.xcdatamodel */;
			path = Redirected.xcdatamodeld;
			sourceTree = "<group>";
			versionGroupType = wrapper.xcdatamodel;
		};
/* End XCVersionGroup section */
	};
	rootObject = 60D127C918521B7A0086A8D4 /* Project object */;
}
